{
  "name": "homebridge-ultimate-switches",
  "version": "0.1.0",
  "lockfileVersion": 3,
  "requires": true,
  "packages": {
    "": {
      "name": "homebridge-ultimate-switches",
      "version": "0.1.0",
      "license": "MIT",
      "dependencies": {
        "node-ical": "^0.25.1"
      },
      "engines": {
        "homebridge": "^1.6.0 || ^2.0.0-beta.0",
        "node": "^18.20.4 || ^20.15.1 || ^22"
      }
    },
    "node_modules/@js-temporal/polyfill": {
      "version": "0.5.1",
      "resolved": "https://registry.npmjs.org/@js-temporal/polyfill/-/polyfill-0.5.1.tgz",
      "integrity": "sha512-hloP58zRVCRSpgDxmqCWJNlizAlUgJFqG2ypq79DCvyv9tHjRYMDOcPFjzfl/A1/YxDvRCZz8wvZvmapQnKwFQ==",
      "license": "ISC",
      "dependencies": {
        "jsbi": "^4.3.0"
      },
      "engines": {
        "node": ">=12"
      }
    },
    "node_modules/jsbi": {
      "version": "4.3.2",
      "resolved": "https://registry.npmjs.org/jsbi/-/jsbi-4.3.2.tgz",
      "integrity": "sha512-9fqMSQbhJykSeii05nxKl4m6Eqn2P6rOlYiS+C5Dr/HPIU/7yZxu5qzbs40tgaFORiw2Amd0mirjxatXYMkIew==",
      "license": "Apache-2.0"
    },
    "node_modules/node-ical": {
      "version": "0.25.1",
      "resolved": "https://registry.npmjs.org/node-ical/-/node-ical-0.25.1.tgz",
      "integrity": "sha512-YD8j+av9f1tlrWBkGjHi8Okv5yKyQPCRLV1IGDW5DgNHXhmoALLeKNdex9govQEJP/HipQDc5YQs2hu81XE/wA==",
      "license": "Apache-2.0",
      "dependencies": {
        "rrule-temporal": "^1.4.5"
      },
      "engines": {
        "node": ">=18"
      }
    },
    "node_modules/rrule-temporal": {
      "version": "1.4.6",
      "resolved": "https://registry.npmjs.org/rrule-temporal/-/rrule-temporal-1.4.6.tgz",
      "integrity": "sha512-eRruK01K8uu0VWgn+lvKYXGZCER7eI2EaoAhsh5wwHaYMc4jPJ1cvY+bD0hBbYwCucggMpjtuwH2RpEH9oLfWg==",
      "license": "MIT",
      "dependencies": {
        "@js-temporal/polyfill": "^0.5.1"
      }
    }
  }
}
